
Microsoft Visual Studio Solution File, Format Version 12.00
# Visual Studio Version 17
VisualStudioVersion = 17.1.32228.430
MinimumVisualStudioVersion = 10.0.40219.1
Project("{9A19103F-16F7-4668-BE54-9A1E7A4F7556}") = "HotRS.Tools.Core", "HotRS.Tools.Core\HotRS.Tools.Core.csproj", "{69F42C77-B67D-4049-B207-341138C2DDA2}"
EndProject
Project("{2150E333-8FDC-42A3-9474-1A3956D46DE8}") = "Solution Items", "Solution Items", "{9C374AEC-18D2-4DE0-9FAA-AC54B734B9DE}"
	ProjectSection(SolutionItems) = preProject
		.editorconfig = .editorconfig
		.runsettings = .runsettings
		README.md = README.md
	EndProjectSection
EndProject
Project("{9A19103F-16F7-4668-BE54-9A1E7A4F7556}") = "HotRS.Tools.Core.Tests", "HotRS.Tools.Core.Tests\HotRS.Tools.Core.Tests.csproj", "{C6EA77ED-9EAD-4143-8388-BE58E16D9367}"
EndProject
Global
	GlobalSection(SolutionConfigurationPlatforms) = preSolution
		Debug|Any CPU = Debug|Any CPU
		Release|Any CPU = Release|Any CPU
	EndGlobalSection
	GlobalSection(ProjectConfigurationPlatforms) = postSolution
		{69F42C77-B67D-4049-B207-341138C2DDA2}.Debug|Any CPU.ActiveCfg = Debug|Any CPU
		{69F42C77-B67D-4049-B207-341138C2DDA2}.Debug|Any CPU.Build.0 = Debug|Any CPU
		{69F42C77-B67D-4049-B207-341138C2DDA2}.Release|Any CPU.ActiveCfg = Release|Any CPU
		{69F42C77-B67D-4049-B207-341138C2DDA2}.Release|Any CPU.Build.0 = Release|Any CPU
		{C6EA77ED-9EAD-4143-8388-BE58E16D9367}.Debug|Any CPU.ActiveCfg = Debug|Any CPU
		{C6EA77ED-9EAD-4143-8388-BE58E16D9367}.Debug|Any CPU.Build.0 = Debug|Any CPU
		{C6EA77ED-9EAD-4143-8388-BE58E16D9367}.Release|Any CPU.ActiveCfg = Release|Any CPU
		{C6EA77ED-9EAD-4143-8388-BE58E16D9367}.Release|Any CPU.Build.0 = Release|Any CPU
	EndGlobalSection
	GlobalSection(SolutionProperties) = preSolution
		HideSolutionNode = FALSE
	EndGlobalSection
	GlobalSection(ExtensibilityGlobals) = postSolution
		SolutionGuid = {10130939-D434-49E2-8846-A30D3691B5C1}
	EndGlobalSection
EndGlobal
